
Microsoft Visual Studio Solution File, Format Version 12.00
# Visual Studio Version 17
VisualStudioVersion = 17.0.32112.339
MinimumVisualStudioVersion = 10.0.40219.1
Project("{FAE04EC0-301F-11D3-BF4B-00C04F79EFBC}") = "PSFind", "PSFind\PSFind.csproj", "{759197BD-FEEF-4D32-A058-B7CA9628046D}"
EndProject
Project("{FAE04EC0-301F-11D3-BF4B-00C04F79EFBC}") = "PSFind.Tests", "PSFind.Tests\PSFind.Tests.csproj", "{07815270-DFBB-4EDC-921D-7BD9577F2D2E}"
EndProject
Global
	GlobalSection(SolutionConfigurationPlatforms) = preSolution
		Debug|Any CPU = Debug|Any CPU
		Release|Any CPU = Release|Any CPU
	EndGlobalSection
	GlobalSection(ProjectConfigurationPlatforms) = postSolution
		{759197BD-FEEF-4D32-A058-B7CA9628046D}.Debug|Any CPU.ActiveCfg = Debug|Any CPU
		{759197BD-FEEF-4D32-A058-B7CA9628046D}.Debug|Any CPU.Build.0 = Debug|Any CPU
		{759197BD-FEEF-4D32-A058-B7CA9628046D}.Release|Any CPU.ActiveCfg = Release|Any CPU
		{759197BD-FEEF-4D32-A058-B7CA9628046D}.Release|Any CPU.Build.0 = Release|Any CPU
		{07815270-DFBB-4EDC-921D-7BD9577F2D2E}.Debug|Any CPU.ActiveCfg = Debug|Any CPU
		{07815270-DFBB-4EDC-921D-7BD9577F2D2E}.Debug|Any CPU.Build.0 = Debug|Any CPU
		{07815270-DFBB-4EDC-921D-7BD9577F2D2E}.Release|Any CPU.ActiveCfg = Release|Any CPU
		{07815270-DFBB-4EDC-921D-7BD9577F2D2E}.Release|Any CPU.Build.0 = Release|Any CPU
	EndGlobalSection
	GlobalSection(SolutionProperties) = preSolution
		HideSolutionNode = FALSE
	EndGlobalSection
	GlobalSection(ExtensibilityGlobals) = postSolution
		SolutionGuid = {C736DE34-58BE-459A-987D-CD3BA510820F}
	EndGlobalSection
EndGlobal
